
Microsoft Visual Studio Solution File, Format Version 12.00
# Visual Studio Version 16
VisualStudioVersion = 16.0.29920.165
MinimumVisualStudioVersion = 10.0.40219.1
Project("{FAE04EC0-301F-11D3-BF4B-00C04F79EFBC}") = "Poo_Banco", "Poo_Banco\Poo_Banco.csproj", "{2A9064A1-7170-4E85-9AD0-0D225D73BC31}"
EndProject
Global
	GlobalSection(SolutionConfigurationPlatforms) = preSolution
		Debug|Any CPU = Debug|Any CPU
		Release|Any CPU = Release|Any CPU
	EndGlobalSection
	GlobalSection(ProjectConfigurationPlatforms) = postSolution
		{2A9064A1-7170-4E85-9AD0-0D225D73BC31}.Debug|Any CPU.ActiveCfg = Debug|Any CPU
		{2A9064A1-7170-4E85-9AD0-0D225D73BC31}.Debug|Any CPU.Build.0 = Debug|Any CPU
		{2A9064A1-7170-4E85-9AD0-0D225D73BC31}.Release|Any CPU.ActiveCfg = Release|Any CPU
		{2A9064A1-7170-4E85-9AD0-0D225D73BC31}.Release|Any CPU.Build.0 = Release|Any CPU
	EndGlobalSection
	GlobalSection(SolutionProperties) = preSolution
		HideSolutionNode = FALSE
	EndGlobalSection
	GlobalSection(ExtensibilityGlobals) = postSolution
		SolutionGuid = {30F6D189-686A-4FCF-9A91-4A1055663963}
	EndGlobalSection
EndGlobal
