
Microsoft Visual Studio Solution File, Format Version 12.00
# Visual Studio Version 16
VisualStudioVersion = 16.0.29920.165
MinimumVisualStudioVersion = 10.0.40219.1
Project("{FAE04EC0-301F-11D3-BF4B-00C04F79EFBC}") = "IntroPOO_Statics", "IntroPOO_Statics\IntroPOO_Statics.csproj", "{43E4ED08-6848-4343-8FD8-AF53054B6112}"
EndProject
Global
	GlobalSection(SolutionConfigurationPlatforms) = preSolution
		Debug|Any CPU = Debug|Any CPU
		Release|Any CPU = Release|Any CPU
	EndGlobalSection
	GlobalSection(ProjectConfigurationPlatforms) = postSolution
		{43E4ED08-6848-4343-8FD8-AF53054B6112}.Debug|Any CPU.ActiveCfg = Debug|Any CPU
		{43E4ED08-6848-4343-8FD8-AF53054B6112}.Debug|Any CPU.Build.0 = Debug|Any CPU
		{43E4ED08-6848-4343-8FD8-AF53054B6112}.Release|Any CPU.ActiveCfg = Release|Any CPU
		{43E4ED08-6848-4343-8FD8-AF53054B6112}.Release|Any CPU.Build.0 = Release|Any CPU
	EndGlobalSection
	GlobalSection(SolutionProperties) = preSolution
		HideSolutionNode = FALSE
	EndGlobalSection
	GlobalSection(ExtensibilityGlobals) = postSolution
		SolutionGuid = {D8E75F22-1415-467D-944D-BE9017B300BE}
	EndGlobalSection
EndGlobal
