
Microsoft Visual Studio Solution File, Format Version 12.00
# Visual Studio Version 16
VisualStudioVersion = 16.0.29920.165
MinimumVisualStudioVersion = 10.0.40219.1
Project("{FAE04EC0-301F-11D3-BF4B-00C04F79EFBC}") = "Pensionato", "Pensionato\Pensionato.csproj", "{3AC915FE-CFCC-4B45-A9B8-00609A638BA7}"
EndProject
Global
	GlobalSection(SolutionConfigurationPlatforms) = preSolution
		Debug|Any CPU = Debug|Any CPU
		Release|Any CPU = Release|Any CPU
	EndGlobalSection
	GlobalSection(ProjectConfigurationPlatforms) = postSolution
		{3AC915FE-CFCC-4B45-A9B8-00609A638BA7}.Debug|Any CPU.ActiveCfg = Debug|Any CPU
		{3AC915FE-CFCC-4B45-A9B8-00609A638BA7}.Debug|Any CPU.Build.0 = Debug|Any CPU
		{3AC915FE-CFCC-4B45-A9B8-00609A638BA7}.Release|Any CPU.ActiveCfg = Release|Any CPU
		{3AC915FE-CFCC-4B45-A9B8-00609A638BA7}.Release|Any CPU.Build.0 = Release|Any CPU
	EndGlobalSection
	GlobalSection(SolutionProperties) = preSolution
		HideSolutionNode = FALSE
	EndGlobalSection
	GlobalSection(ExtensibilityGlobals) = postSolution
		SolutionGuid = {637DE0F0-F995-47C2-A484-6919EF299CF8}
	EndGlobalSection
EndGlobal
