
Microsoft Visual Studio Solution File, Format Version 12.00
# Visual Studio Version 16
VisualStudioVersion = 16.0.29920.165
MinimumVisualStudioVersion = 10.0.40219.1
Project("{FAE04EC0-301F-11D3-BF4B-00C04F79EFBC}") = "IntroPOO_Alunos", "IntroPOO_Alunos\IntroPOO_Alunos.csproj", "{64CEF23E-A0BD-431F-8802-8C19ADF25B9C}"
EndProject
Global
	GlobalSection(SolutionConfigurationPlatforms) = preSolution
		Debug|Any CPU = Debug|Any CPU
		Release|Any CPU = Release|Any CPU
	EndGlobalSection
	GlobalSection(ProjectConfigurationPlatforms) = postSolution
		{64CEF23E-A0BD-431F-8802-8C19ADF25B9C}.Debug|Any CPU.ActiveCfg = Debug|Any CPU
		{64CEF23E-A0BD-431F-8802-8C19ADF25B9C}.Debug|Any CPU.Build.0 = Debug|Any CPU
		{64CEF23E-A0BD-431F-8802-8C19ADF25B9C}.Release|Any CPU.ActiveCfg = Release|Any CPU
		{64CEF23E-A0BD-431F-8802-8C19ADF25B9C}.Release|Any CPU.Build.0 = Release|Any CPU
	EndGlobalSection
	GlobalSection(SolutionProperties) = preSolution
		HideSolutionNode = FALSE
	EndGlobalSection
	GlobalSection(ExtensibilityGlobals) = postSolution
		SolutionGuid = {1161F83A-3AFA-45CE-BE3D-3A741C322502}
	EndGlobalSection
EndGlobal
